
Microsoft Visual Studio Solution File, Format Version 12.00
# Visual Studio Version 16
VisualStudioVersion = 16.0.28705.295
MinimumVisualStudioVersion = 10.0.40219.1
Project("{FAE04EC0-301F-11D3-BF4B-00C04F79EFBC}") = "MassTransitSample.Web", "MassTransitSample.Web\MassTransitSample.Web.csproj", "{675106C5-64E2-487B-8A4E-3244BDE50424}"
EndProject
Project("{FAE04EC0-301F-11D3-BF4B-00C04F79EFBC}") = "MassTransitSample.Cmd", "MassTransitSample.Console\MassTransitSample.Cmd.csproj", "{7E7D963F-F4C6-4C69-BEF9-DC35812EF35F}"
EndProject
Project("{E53339B2-1760-4266-BCC7-CA923CBCF16C}") = "docker-compose", "docker-compose.dcproj", "{793E0EEF-1100-40B1-9670-620FB5923852}"
EndProject
Project("{FAE04EC0-301F-11D3-BF4B-00C04F79EFBC}") = "MassTransitSample.Domain", "MassTransitSample.Domain\MassTransitSample.Domain.csproj", "{AA79B9E0-BC6E-47FD-B5DF-319B4052351A}"
EndProject
Global
	GlobalSection(SolutionConfigurationPlatforms) = preSolution
		Debug|Any CPU = Debug|Any CPU
		Release|Any CPU = Release|Any CPU
	EndGlobalSection
	GlobalSection(ProjectConfigurationPlatforms) = postSolution
		{675106C5-64E2-487B-8A4E-3244BDE50424}.Debug|Any CPU.ActiveCfg = Debug|Any CPU
		{675106C5-64E2-487B-8A4E-3244BDE50424}.Debug|Any CPU.Build.0 = Debug|Any CPU
		{675106C5-64E2-487B-8A4E-3244BDE50424}.Release|Any CPU.ActiveCfg = Release|Any CPU
		{675106C5-64E2-487B-8A4E-3244BDE50424}.Release|Any CPU.Build.0 = Release|Any CPU
		{7E7D963F-F4C6-4C69-BEF9-DC35812EF35F}.Debug|Any CPU.ActiveCfg = Debug|Any CPU
		{7E7D963F-F4C6-4C69-BEF9-DC35812EF35F}.Debug|Any CPU.Build.0 = Debug|Any CPU
		{7E7D963F-F4C6-4C69-BEF9-DC35812EF35F}.Release|Any CPU.ActiveCfg = Release|Any CPU
		{7E7D963F-F4C6-4C69-BEF9-DC35812EF35F}.Release|Any CPU.Build.0 = Release|Any CPU
		{793E0EEF-1100-40B1-9670-620FB5923852}.Debug|Any CPU.ActiveCfg = Debug|Any CPU
		{793E0EEF-1100-40B1-9670-620FB5923852}.Debug|Any CPU.Build.0 = Debug|Any CPU
		{793E0EEF-1100-40B1-9670-620FB5923852}.Release|Any CPU.ActiveCfg = Release|Any CPU
		{793E0EEF-1100-40B1-9670-620FB5923852}.Release|Any CPU.Build.0 = Release|Any CPU
		{AA79B9E0-BC6E-47FD-B5DF-319B4052351A}.Debug|Any CPU.ActiveCfg = Debug|Any CPU
		{AA79B9E0-BC6E-47FD-B5DF-319B4052351A}.Debug|Any CPU.Build.0 = Debug|Any CPU
		{AA79B9E0-BC6E-47FD-B5DF-319B4052351A}.Release|Any CPU.ActiveCfg = Release|Any CPU
		{AA79B9E0-BC6E-47FD-B5DF-319B4052351A}.Release|Any CPU.Build.0 = Release|Any CPU
	EndGlobalSection
	GlobalSection(SolutionProperties) = preSolution
		HideSolutionNode = FALSE
	EndGlobalSection
	GlobalSection(ExtensibilityGlobals) = postSolution
		SolutionGuid = {A043F1FF-7B96-4B2F-8F7B-4DCA4AE35CB4}
	EndGlobalSection
EndGlobal
